// !$*UTF8*$!
{
	archiveVersion = 1;
	classes = {
	};
	objectVersion = 50;
	objects = {

/* Begin PBXBuildFile section */
		C4A5B17F477A679170EAF9DF /* Pods_leaderspace.framework in Frameworks */ = {isa = PBXBuildFile; fileRef = 51CF0B38562E19304D52F196 /* Pods_leaderspace.framework */; };
		FA701043255E6F03006AB17B /* AppDelegate.swift in Sources */ = {isa = PBXBuildFile; fileRef = FA701042255E6F03006AB17B /* AppDelegate.swift */; };
		FA701045255E6F03006AB17B /* SceneDelegate.swift in Sources */ = {isa = PBXBuildFile; fileRef = FA701044255E6F03006AB17B /* SceneDelegate.swift */; };
		FA701047255E6F03006AB17B /* ViewController.swift in Sources */ = {isa = PBXBuildFile; fileRef = FA701046255E6F03006AB17B /* ViewController.swift */; };
		FA70104A255E6F03006AB17B /* Main.storyboard in Resources */ = {isa = PBXBuildFile; fileRef = FA701048255E6F03006AB17B /* Main.storyboard */; };
		FA70104C255E6F0B006AB17B /* Assets.xcassets in Resources */ = {isa = PBXBuildFile; fileRef = FA70104B255E6F0B006AB17B /* Assets.xcassets */; };
		FA70104F255E6F0B006AB17B /* LaunchScreen.storyboard in Resources */ = {isa = PBXBuildFile; fileRef = FA70104D255E6F0B006AB17B /* LaunchScreen.storyboard */; };
/* End PBXBuildFile section */

/* Begin PBXFileReference section */
		1D719F61F688E8466B5E27C2 /* Pods-leaderspace.debug.xcconfig */ = {isa = PBXFileReference; includeInIndex = 1; lastKnownFileType = text.xcconfig; name = "Pods-leaderspace.debug.xcconfig"; path = "Target Support Files/Pods-leaderspace/Pods-leaderspace.debug.xcconfig"; sourceTree = "<group>"; };
		51CF0B38562E19304D52F196 /* Pods_leaderspace.framework */ = {isa = PBXFileReference; explicitFileType = wrapper.framework; includeInIndex = 0; path = Pods_leaderspace.framework; sourceTree = BUILT_PRODUCTS_DIR; };
		CB130FF5AB94C475C75AB4DF /* Pods-leaderspace.release.xcconfig */ = {isa = PBXFileReference; includeInIndex = 1; lastKnownFileType = text.xcconfig; name = "Pods-leaderspace.release.xcconfig"; path = "Target Support Files/Pods-leaderspace/Pods-leaderspace.release.xcconfig"; sourceTree = "<group>"; };
		FA70103F255E6F03006AB17B /* leaderspace.app */ = {isa = PBXFileReference; explicitFileType = wrapper.application; includeInIndex = 0; path = leaderspace.app; sourceTree = BUILT_PRODUCTS_DIR; };
		FA701042255E6F03006AB17B /* AppDelegate.swift */ = {isa = PBXFileReference; lastKnownFileType = sourcecode.swift; path = AppDelegate.swift; sourceTree = "<group>"; };
		FA701044255E6F03006AB17B /* SceneDelegate.swift */ = {isa = PBXFileReference; lastKnownFileType = sourcecode.swift; path = SceneDelegate.swift; sourceTree = "<group>"; };
		FA701046255E6F03006AB17B /* ViewController.swift */ = {isa = PBXFileReference; lastKnownFileType = sourcecode.swift; path = ViewController.swift; sourceTree = "<group>"; };
		FA701049255E6F03006AB17B /* Base */ = {isa = PBXFileReference; lastKnownFileType = file.storyboard; name = Base; path = Base.lproj/Main.storyboard; sourceTree = "<group>"; };
		FA70104B255E6F0B006AB17B /* Assets.xcassets */ = {isa = PBXFileReference; lastKnownFileType = folder.assetcatalog; path = Assets.xcassets; sourceTree = "<group>"; };
		FA70104E255E6F0B006AB17B /* Base */ = {isa = PBXFileReference; lastKnownFileType = file.storyboard; name = Base; path = Base.lproj/LaunchScreen.storyboard; sourceTree = "<group>"; };
		FA701050255E6F0B006AB17B /* Info.plist */ = {isa = PBXFileReference; lastKnownFileType = text.plist.xml; path = Info.plist; sourceTree = "<group>"; };
/* End PBXFileReference section */

/* Begin PBXFrameworksBuildPhase section */
		FA70103C255E6F03006AB17B /* Frameworks */ = {
			isa = PBXFrameworksBuildPhase;
			buildActionMask = 2147483647;
			files = (
				C4A5B17F477A679170EAF9DF /* Pods_leaderspace.framework in Frameworks */,
			);
			runOnlyForDeploymentPostprocessing = 0;
		};
/* End PBXFrameworksBuildPhase section */

/* Begin PBXGroup section */
		92E39188F5DB5DA14FA9D6B1 /* Pods */ = {
			isa = PBXGroup;
			children = (
				1D719F61F688E8466B5E27C2 /* Pods-leaderspace.debug.xcconfig */,
				CB130FF5AB94C475C75AB4DF /* Pods-leaderspace.release.xcconfig */,
			);
			name = Pods;
			path = Pods;
			sourceTree = "<group>";
		};
		C9CE06C6947DEADFEA951ABD /* Frameworks */ = {
			isa = PBXGroup;
			children = (
				51CF0B38562E19304D52F196 /* Pods_leaderspace.framework */,
			);
			name = Frameworks;
			sourceTree = "<group>";
		};
		FA701036255E6F03006AB17B = {
			isa = PBXGroup;
			children = (
				FA701041255E6F03006AB17B /* leaderspace */,
				FA701040255E6F03006AB17B /* Products */,
				92E39188F5DB5DA14FA9D6B1 /* Pods */,
				C9CE06C6947DEADFEA951ABD /* Frameworks */,
			);
			sourceTree = "<group>";
		};
		FA701040255E6F03006AB17B /* Products */ = {
			isa = PBXGroup;
			children = (
				FA70103F255E6F03006AB17B /* leaderspace.app */,
			);
			name = Products;
			sourceTree = "<group>";
		};
		FA701041255E6F03006AB17B /* leaderspace */ = {
			isa = PBXGroup;
			children = (
				FA701042255E6F03006AB17B /* AppDelegate.swift */,
				FA701044255E6F03006AB17B /* SceneDelegate.swift */,
				FA701046255E6F03006AB17B /* ViewController.swift */,
				FA701048255E6F03006AB17B /* Main.storyboard */,
				FA70104B255E6F0B006AB17B /* Assets.xcassets */,
				FA70104D255E6F0B006AB17B /* LaunchScreen.storyboard */,
				FA701050255E6F0B006AB17B /* Info.plist */,
			);
			path = leaderspace;
			sourceTree = "<group>";
		};
/* End PBXGroup section */

/* Begin PBXNativeTarget section */
		FA70103E255E6F03006AB17B /* leaderspace */ = {
			isa = PBXNativeTarget;
			buildConfigurationList = FA701053255E6F0B006AB17B /* Build configuration list for PBXNativeTarget "leaderspace" */;
			buildPhases = (
				4CC1A205EDAEEF547A7D2820 /* [CP] Check Pods Manifest.lock */,
				FA70103B255E6F03006AB17B /* Sources */,
				FA70103C255E6F03006AB17B /* Frameworks */,
				FA70103D255E6F03006AB17B /* Resources */,
				D27B83F5CFA647BCE15826A0 /* [CP] Embed Pods Frameworks */,
			);
			buildRules = (
			);
			dependencies = (
			);
			name = leaderspace;
			productName = leaderspace;
			productReference = FA70103F255E6F03006AB17B /* leaderspace.app */;
			productType = "com.apple.product-type.application";
		};
/* End PBXNativeTarget section */

/* Begin PBXProject section */
		FA701037255E6F03006AB17B /* Project object */ = {
			isa = PBXProject;
			attributes = {
				LastSwiftUpdateCheck = 1130;
				LastUpgradeCheck = 1130;
				ORGANIZATIONNAME = AlexBugatti;
				TargetAttributes = {
					FA70103E255E6F03006AB17B = {
						CreatedOnToolsVersion = 11.3.1;
					};
				};
			};
			buildConfigurationList = FA70103A255E6F03006AB17B /* Build configuration list for PBXProject "leaderspace" */;
			compatibilityVersion = "Xcode 9.3";
			developmentRegion = en;
			hasScannedForEncodings = 0;
			knownRegions = (
				en,
				Base,
			);
			mainGroup = FA701036255E6F03006AB17B;
			productRefGroup = FA701040255E6F03006AB17B /* Products */;
			projectDirPath = "";
			projectRoot = "";
			targets = (
				FA70103E255E6F03006AB17B /* leaderspace */,
			);
		};
/* End PBXProject section */

/* Begin PBXResourcesBuildPhase section */
		FA70103D255E6F03006AB17B /* Resources */ = {
			isa = PBXResourcesBuildPhase;
			buildActionMask = 2147483647;
			files = (
				FA70104F255E6F0B006AB17B /* LaunchScreen.storyboard in Resources */,
				FA70104C255E6F0B006AB17B /* Assets.xcassets in Resources */,
				FA70104A255E6F03006AB17B /* Main.storyboard in Resources */,
			);
			runOnlyForDeploymentPostprocessing = 0;
		};
/* End PBXResourcesBuildPhase section */

/* Begin PBXShellScriptBuildPhase section */
		4CC1A205EDAEEF547A7D2820 /* [CP] Check Pods Manifest.lock */ = {
			isa = PBXShellScriptBuildPhase;
			buildActionMask = 2147483647;
			files = (
			);
			inputFileListPaths = (
			);
			inputPaths = (
				"${PODS_PODFILE_DIR_PATH}/Podfile.lock",
				"${PODS_ROOT}/Manifest.lock",
			);
			name = "[CP] Check Pods Manifest.lock";
			outputFileListPaths = (
			);
			outputPaths = (
				"$(DERIVED_FILE_DIR)/Pods-leaderspace-checkManifestLockResult.txt",
			);
			runOnlyForDeploymentPostprocessing = 0;
			shellPath = /bin/sh;
			shellScript = "diff \"${PODS_PODFILE_DIR_PATH}/Podfile.lock\" \"${PODS_ROOT}/Manifest.lock\" > /dev/null\nif [ $? != 0 ] ; then\n    # print error to STDERR\n    echo \"error: The sandbox is not in sync with the Podfile.lock. Run 'pod install' or update your CocoaPods installation.\" >&2\n    exit 1\nfi\n# This output is used by Xcode 'outputs' to avoid re-running this script phase.\necho \"SUCCESS\" > \"${SCRIPT_OUTPUT_FILE_0}\"\n";
			showEnvVarsInLog = 0;
		};
		D27B83F5CFA647BCE15826A0 /* [CP] Embed Pods Frameworks */ = {
			isa = PBXShellScriptBuildPhase;
			buildActionMask = 2147483647;
			files = (
			);
			inputFileListPaths = (
				"${PODS_ROOT}/Target Support Files/Pods-leaderspace/Pods-leaderspace-frameworks-${CONFIGURATION}-input-files.xcfilelist",
			);
			name = "[CP] Embed Pods Frameworks";
			outputFileListPaths = (
				"${PODS_ROOT}/Target Support Files/Pods-leaderspace/Pods-leaderspace-frameworks-${CONFIGURATION}-output-files.xcfilelist",
			);
			runOnlyForDeploymentPostprocessing = 0;
			shellPath = /bin/sh;
			shellScript = "\"${PODS_ROOT}/Target Support Files/Pods-leaderspace/Pods-leaderspace-frameworks.sh\"\n";
			showEnvVarsInLog = 0;
		};
/* End PBXShellScriptBuildPhase section */

/* Begin PBXSourcesBuildPhase section */
		FA70103B255E6F03006AB17B /* Sources */ = {
			isa = PBXSourcesBuildPhase;
			buildActionMask = 2147483647;
			files = (
				FA701047255E6F03006AB17B /* ViewController.swift in Sources */,
				FA701043255E6F03006AB17B /* AppDelegate.swift in Sources */,
				FA701045255E6F03006AB17B /* SceneDelegate.swift in Sources */,
			);
			runOnlyForDeploymentPostprocessing = 0;
		};
/* End PBXSourcesBuildPhase section */

/* Begin PBXVariantGroup section */
		FA701048255E6F03006AB17B /* Main.storyboard */ = {
			isa = PBXVariantGroup;
			children = (
				FA701049255E6F03006AB17B /* Base */,
			);
			name = Main.storyboard;
			sourceTree = "<group>";
		};
		FA70104D255E6F0B006AB17B /* LaunchScreen.storyboard */ = {
			isa = PBXVariantGroup;
			children = (
				FA70104E255E6F0B006AB17B /* Base */,
			);
			name = LaunchScreen.storyboard;
			sourceTree = "<group>";
		};
/* End PBXVariantGroup section */

/* Begin XCBuildConfiguration section */
		FA701051255E6F0B006AB17B /* Debug */ = {
			isa = XCBuildConfiguration;
			buildSettings = {
				ALWAYS_SEARCH_USER_PATHS = NO;
				CLANG_ANALYZER_NONNULL = YES;
				CLANG_ANALYZER_NUMBER_OBJECT_CONVERSION = YES_AGGRESSIVE;
				CLANG_CXX_LANGUAGE_STANDARD = "gnu++14";
				CLANG_CXX_LIBRARY = "libc++";
				CLANG_ENABLE_MODULES = YES;
				CLANG_ENABLE_OBJC_ARC = YES;
				CLANG_ENABLE_OBJC_WEAK = YES;
				CLANG_WARN_BLOCK_CAPTURE_AUTORELEASING = YES;
				CLANG_WARN_BOOL_CONVERSION = YES;
				CLANG_WARN_COMMA = YES;
				CLANG_WARN_CONSTANT_CONVERSION = YES;
				CLANG_WARN_DEPRECATED_OBJC_IMPLEMENTATIONS = YES;
				CLANG_WARN_DIRECT_OBJC_ISA_USAGE = YES_ERROR;
				CLANG_WARN_DOCUMENTATION_COMMENTS = YES;
				CLANG_WARN_EMPTY_BODY = YES;
				CLANG_WARN_ENUM_CONVERSION = YES;
				CLANG_WARN_INFINITE_RECURSION = YES;
				CLANG_WARN_INT_CONVERSION = YES;
				CLANG_WARN_NON_LITERAL_NULL_CONVERSION = YES;
				CLANG_WARN_OBJC_IMPLICIT_RETAIN_SELF = YES;
				CLANG_WARN_OBJC_LITERAL_CONVERSION = YES;
				CLANG_WARN_OBJC_ROOT_CLASS = YES_ERROR;
				CLANG_WARN_RANGE_LOOP_ANALYSIS = YES;
				CLANG_WARN_STRICT_PROTOTYPES = YES;
				CLANG_WARN_SUSPICIOUS_MOVE = YES;
				CLANG_WARN_UNGUARDED_AVAILABILITY = YES_AGGRESSIVE;
				CLANG_WARN_UNREACHABLE_CODE = YES;
				CLANG_WARN__DUPLICATE_METHOD_MATCH = YES;
				COPY_PHASE_STRIP = NO;
				DEBUG_INFORMATION_FORMAT = dwarf;
				ENABLE_STRICT_OBJC_MSGSEND = YES;
				ENABLE_TESTABILITY = YES;
				GCC_C_LANGUAGE_STANDARD = gnu11;
				GCC_DYNAMIC_NO_PIC = NO;
				GCC_NO_COMMON_BLOCKS = YES;
				GCC_OPTIMIZATION_LEVEL = 0;
				GCC_PREPROCESSOR_DEFINITIONS = (
					"DEBUG=1",
					"$(inherited)",
				);
				GCC_WARN_64_TO_32_BIT_CONVERSION = YES;
				GCC_WARN_ABOUT_RETURN_TYPE = YES_ERROR;
				GCC_WARN_UNDECLARED_SELECTOR = YES;
				GCC_WARN_UNINITIALIZED_AUTOS = YES_AGGRESSIVE;
				GCC_WARN_UNUSED_FUNCTION = YES;
				GCC_WARN_UNUSED_VARIABLE = YES;
				IPHONEOS_DEPLOYMENT_TARGET = 13.2;
				MTL_ENABLE_DEBUG_INFO = INCLUDE_SOURCE;
				MTL_FAST_MATH = YES;
				ONLY_ACTIVE_ARCH = YES;
				SDKROOT = iphoneos;
				SWIFT_ACTIVE_COMPILATION_CONDITIONS = DEBUG;
				SWIFT_OPTIMIZATION_LEVEL = "-Onone";
			};
			name = Debug;
		};
		FA701052255E6F0B006AB17B /* Release */ = {
			isa = XCBuildConfiguration;
			buildSettings = {
				ALWAYS_SEARCH_USER_PATHS = NO;
				CLANG_ANALYZER_NONNULL = YES;
				CLANG_ANALYZER_NUMBER_OBJECT_CONVERSION = YES_AGGRESSIVE;
				CLANG_CXX_LANGUAGE_STANDARD = "gnu++14";
				CLANG_CXX_LIBRARY = "libc++";
				CLANG_ENABLE_MODULES = YES;
				CLANG_ENABLE_OBJC_ARC = YES;
				CLANG_ENABLE_OBJC_WEAK = YES;
				CLANG_WARN_BLOCK_CAPTURE_AUTORELEASING = YES;
				CLANG_WARN_BOOL_CONVERSION = YES;
				CLANG_WARN_COMMA = YES;
				CLANG_WARN_CONSTANT_CONVERSION = YES;
				CLANG_WARN_DEPRECATED_OBJC_IMPLEMENTATIONS = YES;
				CLANG_WARN_DIRECT_OBJC_ISA_USAGE = YES_ERROR;
				CLANG_WARN_DOCUMENTATION_COMMENTS = YES;
				CLANG_WARN_EMPTY_BODY = YES;
				CLANG_WARN_ENUM_CONVERSION = YES;
				CLANG_WARN_INFINITE_RECURSION = YES;
				CLANG_WARN_INT_CONVERSION = YES;
				CLANG_WARN_NON_LITERAL_NULL_CONVERSION = YES;
				CLANG_WARN_OBJC_IMPLICIT_RETAIN_SELF = YES;
				CLANG_WARN_OBJC_LITERAL_CONVERSION = YES;
				CLANG_WARN_OBJC_ROOT_CLASS = YES_ERROR;
				CLANG_WARN_RANGE_LOOP_ANALYSIS = YES;
				CLANG_WARN_STRICT_PROTOTYPES = YES;
				CLANG_WARN_SUSPICIOUS_MOVE = YES;
				CLANG_WARN_UNGUARDED_AVAILABILITY = YES_AGGRESSIVE;
				CLANG_WARN_UNREACHABLE_CODE = YES;
				CLANG_WARN__DUPLICATE_METHOD_MATCH = YES;
				COPY_PHASE_STRIP = NO;
				DEBUG_INFORMATION_FORMAT = "dwarf-with-dsym";
				ENABLE_NS_ASSERTIONS = NO;
				ENABLE_STRICT_OBJC_MSGSEND = YES;
				GCC_C_LANGUAGE_STANDARD = gnu11;
				GCC_NO_COMMON_BLOCKS = YES;
				GCC_WARN_64_TO_32_BIT_CONVERSION = YES;
				GCC_WARN_ABOUT_RETURN_TYPE = YES_ERROR;
				GCC_WARN_UNDECLARED_SELECTOR = YES;
				GCC_WARN_UNINITIALIZED_AUTOS = YES_AGGRESSIVE;
				GCC_WARN_UNUSED_FUNCTION = YES;
				GCC_WARN_UNUSED_VARIABLE = YES;
				IPHONEOS_DEPLOYMENT_TARGET = 13.2;
				MTL_ENABLE_DEBUG_INFO = NO;
				MTL_FAST_MATH = YES;
				SDKROOT = iphoneos;
				SWIFT_COMPILATION_MODE = wholemodule;
				SWIFT_OPTIMIZATION_LEVEL = "-O";
				VALIDATE_PRODUCT = YES;
			};
			name = Release;
		};
		FA701054255E6F0B006AB17B /* Debug */ = {
			isa = XCBuildConfiguration;
			baseConfigurationReference = 1D719F61F688E8466B5E27C2 /* Pods-leaderspace.debug.xcconfig */;
			buildSettings = {
				ASSETCATALOG_COMPILER_APPICON_NAME = AppIcon;
				CODE_SIGN_STYLE = Automatic;
				INFOPLIST_FILE = leaderspace/Info.plist;
				IPHONEOS_DEPLOYMENT_TARGET = 12.0;
				LD_RUNPATH_SEARCH_PATHS = (
					"$(inherited)",
					"@executable_path/Frameworks",
				);
				PRODUCT_BUNDLE_IDENTIFIER = com.ficha.leaderspace.leaderspace;
				PRODUCT_NAME = "$(TARGET_NAME)";
				SWIFT_VERSION = 5.0;
				TARGETED_DEVICE_FAMILY = 1;
			};
			name = Debug;
		};
		FA701055255E6F0B006AB17B /* Release */ = {
			isa = XCBuildConfiguration;
			baseConfigurationReference = CB130FF5AB94C475C75AB4DF /* Pods-leaderspace.release.xcconfig */;
			buildSettings = {
				ASSETCATALOG_COMPILER_APPICON_NAME = AppIcon;
				CODE_SIGN_STYLE = Automatic;
				INFOPLIST_FILE = leaderspace/Info.plist;
				IPHONEOS_DEPLOYMENT_TARGET = 12.0;
				LD_RUNPATH_SEARCH_PATHS = (
					"$(inherited)",
					"@executable_path/Frameworks",
				);
				PRODUCT_BUNDLE_IDENTIFIER = com.ficha.leaderspace.leaderspace;
				PRODUCT_NAME = "$(TARGET_NAME)";
				SWIFT_VERSION = 5.0;
				TARGETED_DEVICE_FAMILY = 1;
			};
			name = Release;
		};
/* End XCBuildConfiguration section */

/* Begin XCConfigurationList section */
		FA70103A255E6F03006AB17B /* Build configuration list for PBXProject "leaderspace" */ = {
			isa = XCConfigurationList;
			buildConfigurations = (
				FA701051255E6F0B006AB17B /* Debug */,
				FA701052255E6F0B006AB17B /* Release */,
			);
			defaultConfigurationIsVisible = 0;
			defaultConfigurationName = Release;
		};
		FA701053255E6F0B006AB17B /* Build configuration list for PBXNativeTarget "leaderspace" */ = {
			isa = XCConfigurationList;
			buildConfigurations = (
				FA701054255E6F0B006AB17B /* Debug */,
				FA701055255E6F0B006AB17B /* Release */,
			);
			defaultConfigurationIsVisible = 0;
			defaultConfigurationName = Release;
		};
/* End XCConfigurationList section */
	};
	rootObject = FA701037255E6F03006AB17B /* Project object */;
}
